
Microsoft Visual Studio Solution File, Format Version 12.00
# Visual Studio 15
VisualStudioVersion = 15.0.28307.271
MinimumVisualStudioVersion = 10.0.40219.1
Project("{9A19103F-16F7-4668-BE54-9A1E7A4F7556}") = "MigrationEf", "MigrationEf\MigrationEf.csproj", "{FBC73D71-C19F-420B-BB50-94B6573CCB5F}"
EndProject
Project("{FAE04EC0-301F-11D3-BF4B-00C04F79EFBC}") = "WebApplication1", "WebApplication1\WebApplication1.csproj", "{5C86DB65-D95C-48CB-8805-B5305CB9EDB4}"
EndProject
Global
	GlobalSection(SolutionConfigurationPlatforms) = preSolution
		Debug|Any CPU = Debug|Any CPU
		Release|Any CPU = Release|Any CPU
	EndGlobalSection
	GlobalSection(ProjectConfigurationPlatforms) = postSolution
		{FBC73D71-C19F-420B-BB50-94B6573CCB5F}.Debug|Any CPU.ActiveCfg = Debug|Any CPU
		{FBC73D71-C19F-420B-BB50-94B6573CCB5F}.Debug|Any CPU.Build.0 = Debug|Any CPU
		{FBC73D71-C19F-420B-BB50-94B6573CCB5F}.Release|Any CPU.ActiveCfg = Release|Any CPU
		{FBC73D71-C19F-420B-BB50-94B6573CCB5F}.Release|Any CPU.Build.0 = Release|Any CPU
		{5C86DB65-D95C-48CB-8805-B5305CB9EDB4}.Debug|Any CPU.ActiveCfg = Debug|Any CPU
		{5C86DB65-D95C-48CB-8805-B5305CB9EDB4}.Debug|Any CPU.Build.0 = Debug|Any CPU
		{5C86DB65-D95C-48CB-8805-B5305CB9EDB4}.Release|Any CPU.ActiveCfg = Release|Any CPU
		{5C86DB65-D95C-48CB-8805-B5305CB9EDB4}.Release|Any CPU.Build.0 = Release|Any CPU
	EndGlobalSection
	GlobalSection(SolutionProperties) = preSolution
		HideSolutionNode = FALSE
	EndGlobalSection
	GlobalSection(ExtensibilityGlobals) = postSolution
		SolutionGuid = {F33A1038-FAF2-4F9E-A5F9-32290E510F8F}
	EndGlobalSection
EndGlobal
